// !$*UTF8*$!
{
	archiveVersion = 1;
	classes = {
	};
	objectVersion = 50;
	objects = {

/* Begin PBXBuildFile section */
		4C7ADB0DF548FA7E151AFEC9 /* Pods_TumblrTests.framework in Frameworks */ = {isa = PBXBuildFile; fileRef = C264FA0C092E53870E3E628B /* Pods_TumblrTests.framework */; };
		7ECBFE593A2575EDD6011C3B /* Pods_TumblrUITests.framework in Frameworks */ = {isa = PBXBuildFile; fileRef = 277A2B7E8ADB490D031119D5 /* Pods_TumblrUITests.framework */; };
		B9E5D1094E513FF95ABAB618 /* Pods_Tumblr.framework in Frameworks */ = {isa = PBXBuildFile; fileRef = 0EB585947A66343644DE1AF2 /* Pods_Tumblr.framework */; };
		DB3129A2216555320035A0CB /* AppDelegate.swift in Sources */ = {isa = PBXBuildFile; fileRef = DB3129A1216555320035A0CB /* AppDelegate.swift */; };
		DB3129A7216555320035A0CB /* Main.storyboard in Resources */ = {isa = PBXBuildFile; fileRef = DB3129A5216555320035A0CB /* Main.storyboard */; };
		DB3129A9216555330035A0CB /* Assets.xcassets in Resources */ = {isa = PBXBuildFile; fileRef = DB3129A8216555330035A0CB /* Assets.xcassets */; };
		DB3129AC216555330035A0CB /* LaunchScreen.storyboard in Resources */ = {isa = PBXBuildFile; fileRef = DB3129AA216555330035A0CB /* LaunchScreen.storyboard */; };
		DB3129B7216555330035A0CB /* TumblrTests.swift in Sources */ = {isa = PBXBuildFile; fileRef = DB3129B6216555330035A0CB /* TumblrTests.swift */; };
		DB3129C2216555330035A0CB /* TumblrUITests.swift in Sources */ = {isa = PBXBuildFile; fileRef = DB3129C1216555330035A0CB /* TumblrUITests.swift */; };
		DB3129D0216555650035A0CB /* PhotosViewController.swift in Sources */ = {isa = PBXBuildFile; fileRef = DB3129CF216555650035A0CB /* PhotosViewController.swift */; };
		DB3129D2216565C50035A0CB /* photosTableViewCell.swift in Sources */ = {isa = PBXBuildFile; fileRef = DB3129D1216565C50035A0CB /* photosTableViewCell.swift */; };
		DBE4D0E321685035006C838A /* PhotosDetailViewController.swift in Sources */ = {isa = PBXBuildFile; fileRef = DBE4D0E221685035006C838A /* PhotosDetailViewController.swift */; };
/* End PBXBuildFile section */

/* Begin PBXContainerItemProxy section */
		DB3129B3216555330035A0CB /* PBXContainerItemProxy */ = {
			isa = PBXContainerItemProxy;
			containerPortal = DB312996216555320035A0CB /* Project object */;
			proxyType = 1;
			remoteGlobalIDString = DB31299D216555320035A0CB;
			remoteInfo = Tumblr;
		};
		DB3129BE216555330035A0CB /* PBXContainerItemProxy */ = {
			isa = PBXContainerItemProxy;
			containerPortal = DB312996216555320035A0CB /* Project object */;
			proxyType = 1;
			remoteGlobalIDString = DB31299D216555320035A0CB;
			remoteInfo = Tumblr;
		};
/* End PBXContainerItemProxy section */

/* Begin PBXFileReference section */
		00DB661F0CB56F61E53A2D8C /* Pods-Tumblr.debug.xcconfig */ = {isa = PBXFileReference; includeInIndex = 1; lastKnownFileType = text.xcconfig; name = "Pods-Tumblr.debug.xcconfig"; path = "Pods/Target Support Files/Pods-Tumblr/Pods-Tumblr.debug.xcconfig"; sourceTree = "<group>"; };
		03D0857E2F073BCED79B6B5F /* Pods-Tumblr.release.xcconfig */ = {isa = PBXFileReference; includeInIndex = 1; lastKnownFileType = text.xcconfig; name = "Pods-Tumblr.release.xcconfig"; path = "Pods/Target Support Files/Pods-Tumblr/Pods-Tumblr.release.xcconfig"; sourceTree = "<group>"; };
		0EB585947A66343644DE1AF2 /* Pods_Tumblr.framework */ = {isa = PBXFileReference; explicitFileType = wrapper.framework; includeInIndex = 0; path = Pods_Tumblr.framework; sourceTree = BUILT_PRODUCTS_DIR; };
		277A2B7E8ADB490D031119D5 /* Pods_TumblrUITests.framework */ = {isa = PBXFileReference; explicitFileType = wrapper.framework; includeInIndex = 0; path = Pods_TumblrUITests.framework; sourceTree = BUILT_PRODUCTS_DIR; };
		46FF03A8CABB875D0BF914A1 /* Pods-TumblrTests.release.xcconfig */ = {isa = PBXFileReference; includeInIndex = 1; lastKnownFileType = text.xcconfig; name = "Pods-TumblrTests.release.xcconfig"; path = "Pods/Target Support Files/Pods-TumblrTests/Pods-TumblrTests.release.xcconfig"; sourceTree = "<group>"; };
		54E9B594458B248CF703E7FB /* Pods-TumblrTests.debug.xcconfig */ = {isa = PBXFileReference; includeInIndex = 1; lastKnownFileType = text.xcconfig; name = "Pods-TumblrTests.debug.xcconfig"; path = "Pods/Target Support Files/Pods-TumblrTests/Pods-TumblrTests.debug.xcconfig"; sourceTree = "<group>"; };
		626D32A5E75D64FE0866976F /* Pods-TumblrUITests.release.xcconfig */ = {isa = PBXFileReference; includeInIndex = 1; lastKnownFileType = text.xcconfig; name = "Pods-TumblrUITests.release.xcconfig"; path = "Pods/Target Support Files/Pods-TumblrUITests/Pods-TumblrUITests.release.xcconfig"; sourceTree = "<group>"; };
		BF6032B797904D847AD3A14D /* Pods-TumblrUITests.debug.xcconfig */ = {isa = PBXFileReference; includeInIndex = 1; lastKnownFileType = text.xcconfig; name = "Pods-TumblrUITests.debug.xcconfig"; path = "Pods/Target Support Files/Pods-TumblrUITests/Pods-TumblrUITests.debug.xcconfig"; sourceTree = "<group>"; };
		C264FA0C092E53870E3E628B /* Pods_TumblrTests.framework */ = {isa = PBXFileReference; explicitFileType = wrapper.framework; includeInIndex = 0; path = Pods_TumblrTests.framework; sourceTree = BUILT_PRODUCTS_DIR; };
		DB31299E216555320035A0CB /* Tumblr.app */ = {isa = PBXFileReference; explicitFileType = wrapper.application; includeInIndex = 0; path = Tumblr.app; sourceTree = BUILT_PRODUCTS_DIR; };
		DB3129A1216555320035A0CB /* AppDelegate.swift */ = {isa = PBXFileReference; lastKnownFileType = sourcecode.swift; path = AppDelegate.swift; sourceTree = "<group>"; };
		DB3129A6216555320035A0CB /* Base */ = {isa = PBXFileReference; lastKnownFileType = file.storyboard; name = Base; path = Base.lproj/Main.storyboard; sourceTree = "<group>"; };
		DB3129A8216555330035A0CB /* Assets.xcassets */ = {isa = PBXFileReference; lastKnownFileType = folder.assetcatalog; path = Assets.xcassets; sourceTree = "<group>"; };
		DB3129AB216555330035A0CB /* Base */ = {isa = PBXFileReference; lastKnownFileType = file.storyboard; name = Base; path = Base.lproj/LaunchScreen.storyboard; sourceTree = "<group>"; };
		DB3129AD216555330035A0CB /* Info.plist */ = {isa = PBXFileReference; lastKnownFileType = text.plist.xml; path = Info.plist; sourceTree = "<group>"; };
		DB3129B2216555330035A0CB /* TumblrTests.xctest */ = {isa = PBXFileReference; explicitFileType = wrapper.cfbundle; includeInIndex = 0; path = TumblrTests.xctest; sourceTree = BUILT_PRODUCTS_DIR; };
		DB3129B6216555330035A0CB /* TumblrTests.swift */ = {isa = PBXFileReference; lastKnownFileType = sourcecode.swift; path = TumblrTests.swift; sourceTree = "<group>"; };
		DB3129B8216555330035A0CB /* Info.plist */ = {isa = PBXFileReference; lastKnownFileType = text.plist.xml; path = Info.plist; sourceTree = "<group>"; };
		DB3129BD216555330035A0CB /* TumblrUITests.xctest */ = {isa = PBXFileReference; explicitFileType = wrapper.cfbundle; includeInIndex = 0; path = TumblrUITests.xctest; sourceTree = BUILT_PRODUCTS_DIR; };
		DB3129C1216555330035A0CB /* TumblrUITests.swift */ = {isa = PBXFileReference; lastKnownFileType = sourcecode.swift; path = TumblrUITests.swift; sourceTree = "<group>"; };
		DB3129C3216555330035A0CB /* Info.plist */ = {isa = PBXFileReference; lastKnownFileType = text.plist.xml; path = Info.plist; sourceTree = "<group>"; };
		DB3129CF216555650035A0CB /* PhotosViewController.swift */ = {isa = PBXFileReference; lastKnownFileType = sourcecode.swift; path = PhotosViewController.swift; sourceTree = "<group>"; };
		DB3129D1216565C50035A0CB /* photosTableViewCell.swift */ = {isa = PBXFileReference; lastKnownFileType = sourcecode.swift; path = photosTableViewCell.swift; sourceTree = "<group>"; };
		DBE4D0E221685035006C838A /* PhotosDetailViewController.swift */ = {isa = PBXFileReference; lastKnownFileType = sourcecode.swift; path = PhotosDetailViewController.swift; sourceTree = "<group>"; };
/* End PBXFileReference section */

/* Begin PBXFrameworksBuildPhase section */
		DB31299B216555320035A0CB /* Frameworks */ = {
			isa = PBXFrameworksBuildPhase;
			buildActionMask = 2147483647;
			files = (
				B9E5D1094E513FF95ABAB618 /* Pods_Tumblr.framework in Frameworks */,
			);
			runOnlyForDeploymentPostprocessing = 0;
		};
		DB3129AF216555330035A0CB /* Frameworks */ = {
			isa = PBXFrameworksBuildPhase;
			buildActionMask = 2147483647;
			files = (
				4C7ADB0DF548FA7E151AFEC9 /* Pods_TumblrTests.framework in Frameworks */,
			);
			runOnlyForDeploymentPostprocessing = 0;
		};
		DB3129BA216555330035A0CB /* Frameworks */ = {
			isa = PBXFrameworksBuildPhase;
			buildActionMask = 2147483647;
			files = (
				7ECBFE593A2575EDD6011C3B /* Pods_TumblrUITests.framework in Frameworks */,
			);
			runOnlyForDeploymentPostprocessing = 0;
		};
/* End PBXFrameworksBuildPhase section */

/* Begin PBXGroup section */
		A4162B29C4B6C28570212F65 /* Frameworks */ = {
			isa = PBXGroup;
			children = (
				0EB585947A66343644DE1AF2 /* Pods_Tumblr.framework */,
				C264FA0C092E53870E3E628B /* Pods_TumblrTests.framework */,
				277A2B7E8ADB490D031119D5 /* Pods_TumblrUITests.framework */,
			);
			name = Frameworks;
			sourceTree = "<group>";
		};
		DB312995216555320035A0CB = {
			isa = PBXGroup;
			children = (
				DB3129A0216555320035A0CB /* Tumblr */,
				DB3129B5216555330035A0CB /* TumblrTests */,
				DB3129C0216555330035A0CB /* TumblrUITests */,
				DB31299F216555320035A0CB /* Products */,
				E8A3336808D869B947E641BA /* Pods */,
				A4162B29C4B6C28570212F65 /* Frameworks */,
			);
			sourceTree = "<group>";
		};
		DB31299F216555320035A0CB /* Products */ = {
			isa = PBXGroup;
			children = (
				DB31299E216555320035A0CB /* Tumblr.app */,
				DB3129B2216555330035A0CB /* TumblrTests.xctest */,
				DB3129BD216555330035A0CB /* TumblrUITests.xctest */,
			);
			name = Products;
			sourceTree = "<group>";
		};
		DB3129A0216555320035A0CB /* Tumblr */ = {
			isa = PBXGroup;
			children = (
				DBE4D0E121684F5C006C838A /* View Controllers */,
				DB3129A1216555320035A0CB /* AppDelegate.swift */,
				DB3129A5216555320035A0CB /* Main.storyboard */,
				DB3129A8216555330035A0CB /* Assets.xcassets */,
				DB3129AA216555330035A0CB /* LaunchScreen.storyboard */,
				DB3129AD216555330035A0CB /* Info.plist */,
				DB3129D1216565C50035A0CB /* photosTableViewCell.swift */,
			);
			path = Tumblr;
			sourceTree = "<group>";
		};
		DB3129B5216555330035A0CB /* TumblrTests */ = {
			isa = PBXGroup;
			children = (
				DB3129B6216555330035A0CB /* TumblrTests.swift */,
				DB3129B8216555330035A0CB /* Info.plist */,
			);
			path = TumblrTests;
			sourceTree = "<group>";
		};
		DB3129C0216555330035A0CB /* TumblrUITests */ = {
			isa = PBXGroup;
			children = (
				DB3129C1216555330035A0CB /* TumblrUITests.swift */,
				DB3129C3216555330035A0CB /* Info.plist */,
			);
			path = TumblrUITests;
			sourceTree = "<group>";
		};
		DBE4D0E121684F5C006C838A /* View Controllers */ = {
			isa = PBXGroup;
			children = (
				DB3129CF216555650035A0CB /* PhotosViewController.swift */,
				DBE4D0E221685035006C838A /* PhotosDetailViewController.swift */,
			);
			path = "View Controllers";
			sourceTree = "<group>";
		};
		E8A3336808D869B947E641BA /* Pods */ = {
			isa = PBXGroup;
			children = (
				00DB661F0CB56F61E53A2D8C /* Pods-Tumblr.debug.xcconfig */,
				03D0857E2F073BCED79B6B5F /* Pods-Tumblr.release.xcconfig */,
				54E9B594458B248CF703E7FB /* Pods-TumblrTests.debug.xcconfig */,
				46FF03A8CABB875D0BF914A1 /* Pods-TumblrTests.release.xcconfig */,
				BF6032B797904D847AD3A14D /* Pods-TumblrUITests.debug.xcconfig */,
				626D32A5E75D64FE0866976F /* Pods-TumblrUITests.release.xcconfig */,
			);
			name = Pods;
			sourceTree = "<group>";
		};
/* End PBXGroup section */

/* Begin PBXNativeTarget section */
		DB31299D216555320035A0CB /* Tumblr */ = {
			isa = PBXNativeTarget;
			buildConfigurationList = DB3129C6216555330035A0CB /* Build configuration list for PBXNativeTarget "Tumblr" */;
			buildPhases = (
				F42BF227D56B373B7AEB48CE /* [CP] Check Pods Manifest.lock */,
				DB31299A216555320035A0CB /* Sources */,
				DB31299B216555320035A0CB /* Frameworks */,
				DB31299C216555320035A0CB /* Resources */,
				CC63EB7AA31B3805DDE713D6 /* [CP] Embed Pods Frameworks */,
			);
			buildRules = (
			);
			dependencies = (
			);
			name = Tumblr;
			productName = Tumblr;
			productReference = DB31299E216555320035A0CB /* Tumblr.app */;
			productType = "com.apple.product-type.application";
		};
		DB3129B1216555330035A0CB /* TumblrTests */ = {
			isa = PBXNativeTarget;
			buildConfigurationList = DB3129C9216555330035A0CB /* Build configuration list for PBXNativeTarget "TumblrTests" */;
			buildPhases = (
				4DD86246DC9C835331706EE4 /* [CP] Check Pods Manifest.lock */,
				DB3129AE216555330035A0CB /* Sources */,
				DB3129AF216555330035A0CB /* Frameworks */,
				DB3129B0216555330035A0CB /* Resources */,
			);
			buildRules = (
			);
			dependencies = (
				DB3129B4216555330035A0CB /* PBXTargetDependency */,
			);
			name = TumblrTests;
			productName = TumblrTests;
			productReference = DB3129B2216555330035A0CB /* TumblrTests.xctest */;
			productType = "com.apple.product-type.bundle.unit-test";
		};
		DB3129BC216555330035A0CB /* TumblrUITests */ = {
			isa = PBXNativeTarget;
			buildConfigurationList = DB3129CC216555330035A0CB /* Build configuration list for PBXNativeTarget "TumblrUITests" */;
			buildPhases = (
				8E96D1B54D534C68302EABBA /* [CP] Check Pods Manifest.lock */,
				DB3129B9216555330035A0CB /* Sources */,
				DB3129BA216555330035A0CB /* Frameworks */,
				DB3129BB216555330035A0CB /* Resources */,
			);
			buildRules = (
			);
			dependencies = (
				DB3129BF216555330035A0CB /* PBXTargetDependency */,
			);
			name = TumblrUITests;
			productName = TumblrUITests;
			productReference = DB3129BD216555330035A0CB /* TumblrUITests.xctest */;
			productType = "com.apple.product-type.bundle.ui-testing";
		};
/* End PBXNativeTarget section */

/* Begin PBXProject section */
		DB312996216555320035A0CB /* Project object */ = {
			isa = PBXProject;
			attributes = {
				LastSwiftUpdateCheck = 1000;
				LastUpgradeCheck = 1000;
				ORGANIZATIONNAME = "Cesar Gutierrez";
				TargetAttributes = {
					DB31299D216555320035A0CB = {
						CreatedOnToolsVersion = 10.0;
					};
					DB3129B1216555330035A0CB = {
						CreatedOnToolsVersion = 10.0;
						TestTargetID = DB31299D216555320035A0CB;
					};
					DB3129BC216555330035A0CB = {
						CreatedOnToolsVersion = 10.0;
						TestTargetID = DB31299D216555320035A0CB;
					};
				};
			};
			buildConfigurationList = DB312999216555320035A0CB /* Build configuration list for PBXProject "Tumblr" */;
			compatibilityVersion = "Xcode 9.3";
			developmentRegion = en;
			hasScannedForEncodings = 0;
			knownRegions = (
				en,
				Base,
			);
			mainGroup = DB312995216555320035A0CB;
			productRefGroup = DB31299F216555320035A0CB /* Products */;
			projectDirPath = "";
			projectRoot = "";
			targets = (
				DB31299D216555320035A0CB /* Tumblr */,
				DB3129B1216555330035A0CB /* TumblrTests */,
				DB3129BC216555330035A0CB /* TumblrUITests */,
			);
		};
/* End PBXProject section */

/* Begin PBXResourcesBuildPhase section */
		DB31299C216555320035A0CB /* Resources */ = {
			isa = PBXResourcesBuildPhase;
			buildActionMask = 2147483647;
			files = (
				DB3129AC216555330035A0CB /* LaunchScreen.storyboard in Resources */,
				DB3129A9216555330035A0CB /* Assets.xcassets in Resources */,
				DB3129A7216555320035A0CB /* Main.storyboard in Resources */,
			);
			runOnlyForDeploymentPostprocessing = 0;
		};
		DB3129B0216555330035A0CB /* Resources */ = {
			isa = PBXResourcesBuildPhase;
			buildActionMask = 2147483647;
			files = (
			);
			runOnlyForDeploymentPostprocessing = 0;
		};
		DB3129BB216555330035A0CB /* Resources */ = {
			isa = PBXResourcesBuildPhase;
			buildActionMask = 2147483647;
			files = (
			);
			runOnlyForDeploymentPostprocessing = 0;
		};
/* End PBXResourcesBuildPhase section */

/* Begin PBXShellScriptBuildPhase section */
		4DD86246DC9C835331706EE4 /* [CP] Check Pods Manifest.lock */ = {
			isa = PBXShellScriptBuildPhase;
			buildActionMask = 2147483647;
			files = (
			);
			inputFileListPaths = (
			);
			inputPaths = (
				"${PODS_PODFILE_DIR_PATH}/Podfile.lock",
				"${PODS_ROOT}/Manifest.lock",
			);
			name = "[CP] Check Pods Manifest.lock";
			outputFileListPaths = (
			);
			outputPaths = (
				"$(DERIVED_FILE_DIR)/Pods-TumblrTests-checkManifestLockResult.txt",
			);
			runOnlyForDeploymentPostprocessing = 0;
			shellPath = /bin/sh;
			shellScript = "diff \"${PODS_PODFILE_DIR_PATH}/Podfile.lock\" \"${PODS_ROOT}/Manifest.lock\" > /dev/null\nif [ $? != 0 ] ; then\n    # print error to STDERR\n    echo \"error: The sandbox is not in sync with the Podfile.lock. Run 'pod install' or update your CocoaPods installation.\" >&2\n    exit 1\nfi\n# This output is used by Xcode 'outputs' to avoid re-running this script phase.\necho \"SUCCESS\" > \"${SCRIPT_OUTPUT_FILE_0}\"\n";
			showEnvVarsInLog = 0;
		};
		8E96D1B54D534C68302EABBA /* [CP] Check Pods Manifest.lock */ = {
			isa = PBXShellScriptBuildPhase;
			buildActionMask = 2147483647;
			files = (
			);
			inputFileListPaths = (
			);
			inputPaths = (
				"${PODS_PODFILE_DIR_PATH}/Podfile.lock",
				"${PODS_ROOT}/Manifest.lock",
			);
			name = "[CP] Check Pods Manifest.lock";
			outputFileListPaths = (
			);
			outputPaths = (
				"$(DERIVED_FILE_DIR)/Pods-TumblrUITests-checkManifestLockResult.txt",
			);
			runOnlyForDeploymentPostprocessing = 0;
			shellPath = /bin/sh;
			shellScript = "diff \"${PODS_PODFILE_DIR_PATH}/Podfile.lock\" \"${PODS_ROOT}/Manifest.lock\" > /dev/null\nif [ $? != 0 ] ; then\n    # print error to STDERR\n    echo \"error: The sandbox is not in sync with the Podfile.lock. Run 'pod install' or update your CocoaPods installation.\" >&2\n    exit 1\nfi\n# This output is used by Xcode 'outputs' to avoid re-running this script phase.\necho \"SUCCESS\" > \"${SCRIPT_OUTPUT_FILE_0}\"\n";
			showEnvVarsInLog = 0;
		};
		CC63EB7AA31B3805DDE713D6 /* [CP] Embed Pods Frameworks */ = {
			isa = PBXShellScriptBuildPhase;
			buildActionMask = 2147483647;
			files = (
			);
			inputFileListPaths = (
			);
			inputPaths = (
				"${SRCROOT}/Pods/Target Support Files/Pods-Tumblr/Pods-Tumblr-frameworks.sh",
				"${BUILT_PRODUCTS_DIR}/Alamofire/Alamofire.framework",
				"${BUILT_PRODUCTS_DIR}/AlamofireImage/AlamofireImage.framework",
			);
			name = "[CP] Embed Pods Frameworks";
			outputFileListPaths = (
			);
			outputPaths = (
				"${TARGET_BUILD_DIR}/${FRAMEWORKS_FOLDER_PATH}/Alamofire.framework",
				"${TARGET_BUILD_DIR}/${FRAMEWORKS_FOLDER_PATH}/AlamofireImage.framework",
			);
			runOnlyForDeploymentPostprocessing = 0;
			shellPath = /bin/sh;
			shellScript = "\"${SRCROOT}/Pods/Target Support Files/Pods-Tumblr/Pods-Tumblr-frameworks.sh\"\n";
			showEnvVarsInLog = 0;
		};
		F42BF227D56B373B7AEB48CE /* [CP] Check Pods Manifest.lock */ = {
			isa = PBXShellScriptBuildPhase;
			buildActionMask = 2147483647;
			files = (
			);
			inputFileListPaths = (
			);
			inputPaths = (
				"${PODS_PODFILE_DIR_PATH}/Podfile.lock",
				"${PODS_ROOT}/Manifest.lock",
			);
			name = "[CP] Check Pods Manifest.lock";
			outputFileListPaths = (
			);
			outputPaths = (
				"$(DERIVED_FILE_DIR)/Pods-Tumblr-checkManifestLockResult.txt",
			);
			runOnlyForDeploymentPostprocessing = 0;
			shellPath = /bin/sh;
			shellScript = "diff \"${PODS_PODFILE_DIR_PATH}/Podfile.lock\" \"${PODS_ROOT}/Manifest.lock\" > /dev/null\nif [ $? != 0 ] ; then\n    # print error to STDERR\n    echo \"error: The sandbox is not in sync with the Podfile.lock. Run 'pod install' or update your CocoaPods installation.\" >&2\n    exit 1\nfi\n# This output is used by Xcode 'outputs' to avoid re-running this script phase.\necho \"SUCCESS\" > \"${SCRIPT_OUTPUT_FILE_0}\"\n";
			showEnvVarsInLog = 0;
		};
/* End PBXShellScriptBuildPhase section */

/* Begin PBXSourcesBuildPhase section */
		DB31299A216555320035A0CB /* Sources */ = {
			isa = PBXSourcesBuildPhase;
			buildActionMask = 2147483647;
			files = (
				DB3129A2216555320035A0CB /* AppDelegate.swift in Sources */,
				DBE4D0E321685035006C838A /* PhotosDetailViewController.swift in Sources */,
				DB3129D0216555650035A0CB /* PhotosViewController.swift in Sources */,
				DB3129D2216565C50035A0CB /* photosTableViewCell.swift in Sources */,
			);
			runOnlyForDeploymentPostprocessing = 0;
		};
		DB3129AE216555330035A0CB /* Sources */ = {
			isa = PBXSourcesBuildPhase;
			buildActionMask = 2147483647;
			files = (
				DB3129B7216555330035A0CB /* TumblrTests.swift in Sources */,
			);
			runOnlyForDeploymentPostprocessing = 0;
		};
		DB3129B9216555330035A0CB /* Sources */ = {
			isa = PBXSourcesBuildPhase;
			buildActionMask = 2147483647;
			files = (
				DB3129C2216555330035A0CB /* TumblrUITests.swift in Sources */,
			);
			runOnlyForDeploymentPostprocessing = 0;
		};
/* End PBXSourcesBuildPhase section */

/* Begin PBXTargetDependency section */
		DB3129B4216555330035A0CB /* PBXTargetDependency */ = {
			isa = PBXTargetDependency;
			target = DB31299D216555320035A0CB /* Tumblr */;
			targetProxy = DB3129B3216555330035A0CB /* PBXContainerItemProxy */;
		};
		DB3129BF216555330035A0CB /* PBXTargetDependency */ = {
			isa = PBXTargetDependency;
			target = DB31299D216555320035A0CB /* Tumblr */;
			targetProxy = DB3129BE216555330035A0CB /* PBXContainerItemProxy */;
		};
/* End PBXTargetDependency section */

/* Begin PBXVariantGroup section */
		DB3129A5216555320035A0CB /* Main.storyboard */ = {
			isa = PBXVariantGroup;
			children = (
				DB3129A6216555320035A0CB /* Base */,
			);
			name = Main.storyboard;
			sourceTree = "<group>";
		};
		DB3129AA216555330035A0CB /* LaunchScreen.storyboard */ = {
			isa = PBXVariantGroup;
			children = (
				DB3129AB216555330035A0CB /* Base */,
			);
			name = LaunchScreen.storyboard;
			sourceTree = "<group>";
		};
/* End PBXVariantGroup section */

/* Begin XCBuildConfiguration section */
		DB3129C4216555330035A0CB /* Debug */ = {
			isa = XCBuildConfiguration;
			buildSettings = {
				ALWAYS_SEARCH_USER_PATHS = NO;
				CLANG_ANALYZER_NONNULL = YES;
				CLANG_ANALYZER_NUMBER_OBJECT_CONVERSION = YES_AGGRESSIVE;
				CLANG_CXX_LANGUAGE_STANDARD = "gnu++14";
				CLANG_CXX_LIBRARY = "libc++";
				CLANG_ENABLE_MODULES = YES;
				CLANG_ENABLE_OBJC_ARC = YES;
				CLANG_ENABLE_OBJC_WEAK = YES;
				CLANG_WARN_BLOCK_CAPTURE_AUTORELEASING = YES;
				CLANG_WARN_BOOL_CONVERSION = YES;
				CLANG_WARN_COMMA = YES;
				CLANG_WARN_CONSTANT_CONVERSION = YES;
				CLANG_WARN_DEPRECATED_OBJC_IMPLEMENTATIONS = YES;
				CLANG_WARN_DIRECT_OBJC_ISA_USAGE = YES_ERROR;
				CLANG_WARN_DOCUMENTATION_COMMENTS = YES;
				CLANG_WARN_EMPTY_BODY = YES;
				CLANG_WARN_ENUM_CONVERSION = YES;
				CLANG_WARN_INFINITE_RECURSION = YES;
				CLANG_WARN_INT_CONVERSION = YES;
				CLANG_WARN_NON_LITERAL_NULL_CONVERSION = YES;
				CLANG_WARN_OBJC_IMPLICIT_RETAIN_SELF = YES;
				CLANG_WARN_OBJC_LITERAL_CONVERSION = YES;
				CLANG_WARN_OBJC_ROOT_CLASS = YES_ERROR;
				CLANG_WARN_RANGE_LOOP_ANALYSIS = YES;
				CLANG_WARN_STRICT_PROTOTYPES = YES;
				CLANG_WARN_SUSPICIOUS_MOVE = YES;
				CLANG_WARN_UNGUARDED_AVAILABILITY = YES_AGGRESSIVE;
				CLANG_WARN_UNREACHABLE_CODE = YES;
				CLANG_WARN__DUPLICATE_METHOD_MATCH = YES;
				CODE_SIGN_IDENTITY = "iPhone Developer";
				COPY_PHASE_STRIP = NO;
				DEBUG_INFORMATION_FORMAT = dwarf;
				ENABLE_STRICT_OBJC_MSGSEND = YES;
				ENABLE_TESTABILITY = YES;
				GCC_C_LANGUAGE_STANDARD = gnu11;
				GCC_DYNAMIC_NO_PIC = NO;
				GCC_NO_COMMON_BLOCKS = YES;
				GCC_OPTIMIZATION_LEVEL = 0;
				GCC_PREPROCESSOR_DEFINITIONS = (
					"DEBUG=1",
					"$(inherited)",
				);
				GCC_WARN_64_TO_32_BIT_CONVERSION = YES;
				GCC_WARN_ABOUT_RETURN_TYPE = YES_ERROR;
				GCC_WARN_UNDECLARED_SELECTOR = YES;
				GCC_WARN_UNINITIALIZED_AUTOS = YES_AGGRESSIVE;
				GCC_WARN_UNUSED_FUNCTION = YES;
				GCC_WARN_UNUSED_VARIABLE = YES;
				IPHONEOS_DEPLOYMENT_TARGET = 12.0;
				MTL_ENABLE_DEBUG_INFO = INCLUDE_SOURCE;
				MTL_FAST_MATH = YES;
				ONLY_ACTIVE_ARCH = YES;
				SDKROOT = iphoneos;
				SWIFT_ACTIVE_COMPILATION_CONDITIONS = DEBUG;
				SWIFT_OPTIMIZATION_LEVEL = "-Onone";
			};
			name = Debug;
		};
		DB3129C5216555330035A0CB /* Release */ = {
			isa = XCBuildConfiguration;
			buildSettings = {
				ALWAYS_SEARCH_USER_PATHS = NO;
				CLANG_ANALYZER_NONNULL = YES;
				CLANG_ANALYZER_NUMBER_OBJECT_CONVERSION = YES_AGGRESSIVE;
				CLANG_CXX_LANGUAGE_STANDARD = "gnu++14";
				CLANG_CXX_LIBRARY = "libc++";
				CLANG_ENABLE_MODULES = YES;
				CLANG_ENABLE_OBJC_ARC = YES;
				CLANG_ENABLE_OBJC_WEAK = YES;
				CLANG_WARN_BLOCK_CAPTURE_AUTORELEASING = YES;
				CLANG_WARN_BOOL_CONVERSION = YES;
				CLANG_WARN_COMMA = YES;
				CLANG_WARN_CONSTANT_CONVERSION = YES;
				CLANG_WARN_DEPRECATED_OBJC_IMPLEMENTATIONS = YES;
				CLANG_WARN_DIRECT_OBJC_ISA_USAGE = YES_ERROR;
				CLANG_WARN_DOCUMENTATION_COMMENTS = YES;
				CLANG_WARN_EMPTY_BODY = YES;
				CLANG_WARN_ENUM_CONVERSION = YES;
				CLANG_WARN_INFINITE_RECURSION = YES;
				CLANG_WARN_INT_CONVERSION = YES;
				CLANG_WARN_NON_LITERAL_NULL_CONVERSION = YES;
				CLANG_WARN_OBJC_IMPLICIT_RETAIN_SELF = YES;
				CLANG_WARN_OBJC_LITERAL_CONVERSION = YES;
				CLANG_WARN_OBJC_ROOT_CLASS = YES_ERROR;
				CLANG_WARN_RANGE_LOOP_ANALYSIS = YES;
				CLANG_WARN_STRICT_PROTOTYPES = YES;
				CLANG_WARN_SUSPICIOUS_MOVE = YES;
				CLANG_WARN_UNGUARDED_AVAILABILITY = YES_AGGRESSIVE;
				CLANG_WARN_UNREACHABLE_CODE = YES;
				CLANG_WARN__DUPLICATE_METHOD_MATCH = YES;
				CODE_SIGN_IDENTITY = "iPhone Developer";
				COPY_PHASE_STRIP = NO;
				DEBUG_INFORMATION_FORMAT = "dwarf-with-dsym";
				ENABLE_NS_ASSERTIONS = NO;
				ENABLE_STRICT_OBJC_MSGSEND = YES;
				GCC_C_LANGUAGE_STANDARD = gnu11;
				GCC_NO_COMMON_BLOCKS = YES;
				GCC_WARN_64_TO_32_BIT_CONVERSION = YES;
				GCC_WARN_ABOUT_RETURN_TYPE = YES_ERROR;
				GCC_WARN_UNDECLARED_SELECTOR = YES;
				GCC_WARN_UNINITIALIZED_AUTOS = YES_AGGRESSIVE;
				GCC_WARN_UNUSED_FUNCTION = YES;
				GCC_WARN_UNUSED_VARIABLE = YES;
				IPHONEOS_DEPLOYMENT_TARGET = 12.0;
				MTL_ENABLE_DEBUG_INFO = NO;
				MTL_FAST_MATH = YES;
				SDKROOT = iphoneos;
				SWIFT_COMPILATION_MODE = wholemodule;
				SWIFT_OPTIMIZATION_LEVEL = "-O";
				VALIDATE_PRODUCT = YES;
			};
			name = Release;
		};
		DB3129C7216555330035A0CB /* Debug */ = {
			isa = XCBuildConfiguration;
			baseConfigurationReference = 00DB661F0CB56F61E53A2D8C /* Pods-Tumblr.debug.xcconfig */;
			buildSettings = {
				ASSETCATALOG_COMPILER_APPICON_NAME = AppIcon;
				CODE_SIGN_STYLE = Automatic;
				INFOPLIST_FILE = Tumblr/Info.plist;
				LD_RUNPATH_SEARCH_PATHS = (
					"$(inherited)",
					"@executable_path/Frameworks",
				);
				PRODUCT_BUNDLE_IDENTIFIER = com.codepath.Tumblr;
				PRODUCT_NAME = "$(TARGET_NAME)";
				SWIFT_VERSION = 4.2;
				TARGETED_DEVICE_FAMILY = "1,2";
			};
			name = Debug;
		};
		DB3129C8216555330035A0CB /* Release */ = {
			isa = XCBuildConfiguration;
			baseConfigurationReference = 03D0857E2F073BCED79B6B5F /* Pods-Tumblr.release.xcconfig */;
			buildSettings = {
				ASSETCATALOG_COMPILER_APPICON_NAME = AppIcon;
				CODE_SIGN_STYLE = Automatic;
				INFOPLIST_FILE = Tumblr/Info.plist;
				LD_RUNPATH_SEARCH_PATHS = (
					"$(inherited)",
					"@executable_path/Frameworks",
				);
				PRODUCT_BUNDLE_IDENTIFIER = com.codepath.Tumblr;
				PRODUCT_NAME = "$(TARGET_NAME)";
				SWIFT_VERSION = 4.2;
				TARGETED_DEVICE_FAMILY = "1,2";
			};
			name = Release;
		};
		DB3129CA216555330035A0CB /* Debug */ = {
			isa = XCBuildConfiguration;
			baseConfigurationReference = 54E9B594458B248CF703E7FB /* Pods-TumblrTests.debug.xcconfig */;
			buildSettings = {
				ALWAYS_EMBED_SWIFT_STANDARD_LIBRARIES = YES;
				BUNDLE_LOADER = "$(TEST_HOST)";
				CODE_SIGN_STYLE = Automatic;
				INFOPLIST_FILE = TumblrTests/Info.plist;
				LD_RUNPATH_SEARCH_PATHS = (
					"$(inherited)",
					"@executable_path/Frameworks",
					"@loader_path/Frameworks",
				);
				PRODUCT_BUNDLE_IDENTIFIER = com.codepath.TumblrTests;
				PRODUCT_NAME = "$(TARGET_NAME)";
				SWIFT_VERSION = 4.2;
				TARGETED_DEVICE_FAMILY = "1,2";
				TEST_HOST = "$(BUILT_PRODUCTS_DIR)/Tumblr.app/Tumblr";
			};
			name = Debug;
		};
		DB3129CB216555330035A0CB /* Release */ = {
			isa = XCBuildConfiguration;
			baseConfigurationReference = 46FF03A8CABB875D0BF914A1 /* Pods-TumblrTests.release.xcconfig */;
			buildSettings = {
				ALWAYS_EMBED_SWIFT_STANDARD_LIBRARIES = YES;
				BUNDLE_LOADER = "$(TEST_HOST)";
				CODE_SIGN_STYLE = Automatic;
				INFOPLIST_FILE = TumblrTests/Info.plist;
				LD_RUNPATH_SEARCH_PATHS = (
					"$(inherited)",
					"@executable_path/Frameworks",
					"@loader_path/Frameworks",
				);
				PRODUCT_BUNDLE_IDENTIFIER = com.codepath.TumblrTests;
				PRODUCT_NAME = "$(TARGET_NAME)";
				SWIFT_VERSION = 4.2;
				TARGETED_DEVICE_FAMILY = "1,2";
				TEST_HOST = "$(BUILT_PRODUCTS_DIR)/Tumblr.app/Tumblr";
			};
			name = Release;
		};
		DB3129CD216555330035A0CB /* Debug */ = {
			isa = XCBuildConfiguration;
			baseConfigurationReference = BF6032B797904D847AD3A14D /* Pods-TumblrUITests.debug.xcconfig */;
			buildSettings = {
				ALWAYS_EMBED_SWIFT_STANDARD_LIBRARIES = YES;
				CODE_SIGN_STYLE = Automatic;
				INFOPLIST_FILE = TumblrUITests/Info.plist;
				LD_RUNPATH_SEARCH_PATHS = (
					"$(inherited)",
					"@executable_path/Frameworks",
					"@loader_path/Frameworks",
				);
				PRODUCT_BUNDLE_IDENTIFIER = com.codepath.TumblrUITests;
				PRODUCT_NAME = "$(TARGET_NAME)";
				SWIFT_VERSION = 4.2;
				TARGETED_DEVICE_FAMILY = "1,2";
				TEST_TARGET_NAME = Tumblr;
			};
			name = Debug;
		};
		DB3129CE216555330035A0CB /* Release */ = {
			isa = XCBuildConfiguration;
			baseConfigurationReference = 626D32A5E75D64FE0866976F /* Pods-TumblrUITests.release.xcconfig */;
			buildSettings = {
				ALWAYS_EMBED_SWIFT_STANDARD_LIBRARIES = YES;
				CODE_SIGN_STYLE = Automatic;
				INFOPLIST_FILE = TumblrUITests/Info.plist;
				LD_RUNPATH_SEARCH_PATHS = (
					"$(inherited)",
					"@executable_path/Frameworks",
					"@loader_path/Frameworks",
				);
				PRODUCT_BUNDLE_IDENTIFIER = com.codepath.TumblrUITests;
				PRODUCT_NAME = "$(TARGET_NAME)";
				SWIFT_VERSION = 4.2;
				TARGETED_DEVICE_FAMILY = "1,2";
				TEST_TARGET_NAME = Tumblr;
			};
			name = Release;
		};
/* End XCBuildConfiguration section */

/* Begin XCConfigurationList section */
		DB312999216555320035A0CB /* Build configuration list for PBXProject "Tumblr" */ = {
			isa = XCConfigurationList;
			buildConfigurations = (
				DB3129C4216555330035A0CB /* Debug */,
				DB3129C5216555330035A0CB /* Release */,
			);
			defaultConfigurationIsVisible = 0;
			defaultConfigurationName = Release;
		};
		DB3129C6216555330035A0CB /* Build configuration list for PBXNativeTarget "Tumblr" */ = {
			isa = XCConfigurationList;
			buildConfigurations = (
				DB3129C7216555330035A0CB /* Debug */,
				DB3129C8216555330035A0CB /* Release */,
			);
			defaultConfigurationIsVisible = 0;
			defaultConfigurationName = Release;
		};
		DB3129C9216555330035A0CB /* Build configuration list for PBXNativeTarget "TumblrTests" */ = {
			isa = XCConfigurationList;
			buildConfigurations = (
				DB3129CA216555330035A0CB /* Debug */,
				DB3129CB216555330035A0CB /* Release */,
			);
			defaultConfigurationIsVisible = 0;
			defaultConfigurationName = Release;
		};
		DB3129CC216555330035A0CB /* Build configuration list for PBXNativeTarget "TumblrUITests" */ = {
			isa = XCConfigurationList;
			buildConfigurations = (
				DB3129CD216555330035A0CB /* Debug */,
				DB3129CE216555330035A0CB /* Release */,
			);
			defaultConfigurationIsVisible = 0;
			defaultConfigurationName = Release;
		};
/* End XCConfigurationList section */
	};
	rootObject = DB312996216555320035A0CB /* Project object */;
}
